{
    "_meta": {
        "hash": {
            "sha256": "b465338863d8da6303c70aca1c0c2a08cf7e169a5b909d78a7558036279c985d"
        },
        "pipfile-spec": 6,
        "requires": {
            "python_version": "3.8"
        },
        "sources": [
            {
                "name": "pypi",
                "url": "https://pypi.org/simple",
                "verify_ssl": true
            }
        ]
    },
    "default": {
        "attrs": {
            "hashes": [
                "sha256:2d27e3784d7a565d36ab851fe94887c5eccd6a463168875832a1be79c82828b4",
                "sha256:626ba8234211db98e869df76230a137c4c40a12d72445c45d5f5b716f076e2fd"
            ],
            "index": "pypi",
            "version": "==21.4.0"
        },
        "certifi": {
            "hashes": [
                "sha256:9c5705e395cd70084351dd8ad5c41e65655e08ce46f2ec9cf6c2c08390f71eb7",
                "sha256:f1d53542ee8cbedbe2118b5686372fb33c297fcd6379b050cca0ef13a597382a"
            ],
            "index": "pypi",
            "version": "==2022.5.18.1"
        },
        "click": {
            "hashes": [
                "sha256:7682dc8afb30297001674575ea00d1814d808d6a36af415a82bd481d37ba7b8e",
                "sha256:bb4d8133cb15a609f44e8213d9b391b0809795062913b383c62be0ee95b1db48"
            ],
            "index": "pypi",
            "version": "==8.1.3"
        },
        "cython": {
            "hashes": [
                "sha256:019d330ac580b2ca4a457c464ac0b8c35009d820ef5d09f328d6e31a10e1ce89",
                "sha256:0b83a342a071c4f14e7410568e0c0bd95e2f20c0b32944e3a721649a1357fda4",
                "sha256:0cd6c932e945af15ae4ddcf8fdc0532bda48784c92ed0a53cf4fae897067ccd1",
                "sha256:1e078943bbde703ca08d43e719480eb8b187d9023cbd91798619f5b5e18d0d71",
                "sha256:20778297c8bcba201ca122a2f792a9899d6e64c68a92363dd7eb24306d54d7ce",
                "sha256:2235b62da8fe6fa8b99422c8e583f2fb95e143867d337b5c75e4b9a1a865f9e3",
                "sha256:28db751e2d8365b39664d9cb62dc1668688b8fcc5b954e9ca9d20e0b8e03d8b0",
                "sha256:3993aafd68a7311ef94e00e44a137f6a50a69af0575ebcc8a0a074ad4152a2b2",
                "sha256:3d0239c7a22a0f3fb1deec75cab0078eba4dd17868aa992a54a178851e0c8684",
                "sha256:5183356c756b56c2df12d96300d602e47ffb89943c5a0bded66faca5d3da7be0",
                "sha256:58d2b734250c1093bc69c1c3a6f5736493b9f8b34eb765f0a28a4a09468c0b00",
                "sha256:5a8a3709ad9343a1dc02b8ec9cf6bb284be248d2c64af85464d9c3525eec74a5",
                "sha256:5c7cfd908efc77306ddd41ef07f5a7a352c9205ced5c1e00a0e5ece4391707c4",
                "sha256:5f2dae7dd56860018d5fd5032a71f11fdc224020932b463d0511a1536f27df85",
                "sha256:60d370c33d56077d30e5f425026e58c2559e93b4784106f61581cf54071f6270",
                "sha256:6b389a94b42909ff56d3491fde7c44802053a103701a7d210dcdd449a5b4f7b4",
                "sha256:71fd1d910aced510c001936667fc7f2901c49b2ca7a2ad67358979c94a7f42ac",
                "sha256:786ee7b0cdb508b6de64c0f1f9c74f207186dfafad1ef938f25b7494cc481a80",
                "sha256:7eff71c39b98078deaad1d1bdbf10864d234e2ab5d5257e980a6926a8523f697",
                "sha256:80a7255ad84620f53235c0720cdee2bc7431d9e3db7b3742823a606c329eb539",
                "sha256:88c5e2f92f16cd999ddfc43d572639679e8a057587088e627e98118e46a803e6",
                "sha256:8e08f18d249b9b65e272a5a60f3360a8922c4c149036b98fc821fe1afad5bdae",
                "sha256:9462e9cf284d9b1d2c5b53d62188e3c09cc5c7a0018ba349d99b73cf930238de",
                "sha256:9826981308802c61a76f967875b31b7c683b7fc369eabaa6cbc22efeb12c90e8",
                "sha256:9f1fe924c920b699af27aefebd722df4cfbb85206291623cd37d1a7ddfd57792",
                "sha256:a30092c6e2d24255fbfe0525f9a750554f96a263ed986d12ac3c9f7d9a85a424",
                "sha256:abcaf99f90cddc0f53600613eaafc81d27c4ac0671f0df8bce5466d4e86d54a1",
                "sha256:acb72e0b42079862cf2f894964b41f261e941e75677e902c5f4304b3eb00af33",
                "sha256:b17639b6a155abaa61a89f6f1323fb57b138d0529911ca03978d594945d062ba",
                "sha256:c299c5b250ae9f81c38200441b6f1d023aeee9d8e7f61c04001c7437181ccb06",
                "sha256:c79685dd4631a188e2385dc6a232896c7b67ea2e3e5f8b5555b4b743f475d6d7",
                "sha256:d0859a958e0155b6ae4dee04170ccfac2c3d613a7e3bee8749614530b9e3b4a4",
                "sha256:d0f34b44078e3e0b2f1be2b99044619b37127128e7d55c54bbd2438adcaf31d3",
                "sha256:d166d9f853db436f5e10733a9bd615699ddb4238feadcbdf5ae50dc0b18b18f5",
                "sha256:d52d5733dcb144deca8985f0a197c19cf71e6bd6bd9d8034f3f67b2dea68d12b",
                "sha256:e29d3487f357108b711f2f29319811d92166643d29aec1b8e063aad46a346775",
                "sha256:e36755e71fd20eceb410cc441b7f2586654c2edb013f4663842fdaf60b96c1ca",
                "sha256:e5cb144728a335d7a7fd0a61dff6abb7a9aeff9acd46d50b886b7d9a95bb7311",
                "sha256:e605635a92ae862cb46d84d1d6883324518f9aaff4a71cede6d61df20b6a410c",
                "sha256:ffa8c09617833ff0824aa7926fa4fa9d2ec3929c67168e89105f276b7f36a63e"
            ],
            "index": "pypi",
            "version": "==0.29.30"
        },
        "distlib": {
            "hashes": [
                "sha256:6564fe0a8f51e734df6333d08b8b94d4ea8ee6b99b5ed50613f731fd4089f34b",
                "sha256:e4b58818180336dc9c529bfb9a0b58728ffc09ad92027a3f30b7cd91e3458579"
            ],
            "index": "pypi",
            "version": "==0.3.4"
        },
        "filelock": {
            "hashes": [
                "sha256:37def7b658813cda163b56fc564cdc75e86d338246458c4c28ae84cabefa2404",
                "sha256:3a0fd85166ad9dbab54c9aec96737b744106dc5f15c0b09a6744a445299fcf04"
            ],
            "index": "pypi",
            "version": "==3.7.1"
        },
        "flask": {
            "hashes": [
                "sha256:315ded2ddf8a6281567edb27393010fe3406188bafbfe65a3339d5787d89e477",
                "sha256:fad5b446feb0d6db6aec0c3184d16a8c1f6c3e464b511649c8918a9be100b4fe"
            ],
            "index": "pypi",
            "version": "==2.1.2"
        },
        "importlib-metadata": {
            "hashes": [
                "sha256:5d26852efe48c0a32b0509ffbc583fda1a2266545a78d104a6f4aff3db17d700",
                "sha256:c58c8eb8a762858f49e18436ff552e83914778e50e9d2f1660535ffb364552ec"
            ],
            "index": "pypi",
            "version": "==4.11.4"
        },
        "iniconfig": {
            "hashes": [
                "sha256:011e24c64b7f47f6ebd835bb12a743f2fbe9a26d4cecaa7f53bc4f35ee9da8b3",
                "sha256:bc3af051d7d14b2ee5ef9969666def0cd1a000e121eaea580d4a313df4b37f32"
            ],
            "index": "pypi",
            "version": "==1.1.1"
        },
        "itsdangerous": {
            "hashes": [
                "sha256:2c2349112351b88699d8d4b6b075022c0808887cb7ad10069318a8b0bc88db44",
                "sha256:5dbbc68b317e5e42f327f9021763545dc3fc3bfe22e6deb96aaf1fc38874156a"
            ],
            "index": "pypi",
            "version": "==2.1.2"
        },
        "jinja2": {
            "hashes": [
                "sha256:31351a702a408a9e7595a8fc6150fc3f43bb6bf7e319770cbc0db9df9437e852",
                "sha256:6088930bfe239f0e6710546ab9c19c9ef35e29792895fed6e6e31a023a182a61"
            ],
            "index": "pypi",
            "version": "==3.1.2"
        },
        "markupsafe": {
            "hashes": [
                "sha256:0212a68688482dc52b2d45013df70d169f542b7394fc744c02a57374a4207003",
                "sha256:089cf3dbf0cd6c100f02945abeb18484bd1ee57a079aefd52cffd17fba910b88",
                "sha256:10c1bfff05d95783da83491be968e8fe789263689c02724e0c691933c52994f5",
                "sha256:33b74d289bd2f5e527beadcaa3f401e0df0a89927c1559c8566c066fa4248ab7",
                "sha256:3799351e2336dc91ea70b034983ee71cf2f9533cdff7c14c90ea126bfd95d65a",
                "sha256:3ce11ee3f23f79dbd06fb3d63e2f6af7b12db1d46932fe7bd8afa259a5996603",
                "sha256:421be9fbf0ffe9ffd7a378aafebbf6f4602d564d34be190fc19a193232fd12b1",
                "sha256:43093fb83d8343aac0b1baa75516da6092f58f41200907ef92448ecab8825135",
                "sha256:46d00d6cfecdde84d40e572d63735ef81423ad31184100411e6e3388d405e247",
                "sha256:4a33dea2b688b3190ee12bd7cfa29d39c9ed176bda40bfa11099a3ce5d3a7ac6",
                "sha256:4b9fe39a2ccc108a4accc2676e77da025ce383c108593d65cc909add5c3bd601",
                "sha256:56442863ed2b06d19c37f94d999035e15ee982988920e12a5b4ba29b62ad1f77",
                "sha256:671cd1187ed5e62818414afe79ed29da836dde67166a9fac6d435873c44fdd02",
                "sha256:694deca8d702d5db21ec83983ce0bb4b26a578e71fbdbd4fdcd387daa90e4d5e",
                "sha256:6a074d34ee7a5ce3effbc526b7083ec9731bb3cbf921bbe1d3005d4d2bdb3a63",
                "sha256:6d0072fea50feec76a4c418096652f2c3238eaa014b2f94aeb1d56a66b41403f",
                "sha256:6fbf47b5d3728c6aea2abb0589b5d30459e369baa772e0f37a0320185e87c980",
                "sha256:7f91197cc9e48f989d12e4e6fbc46495c446636dfc81b9ccf50bb0ec74b91d4b",
                "sha256:86b1f75c4e7c2ac2ccdaec2b9022845dbb81880ca318bb7a0a01fbf7813e3812",
                "sha256:8dc1c72a69aa7e082593c4a203dcf94ddb74bb5c8a731e4e1eb68d031e8498ff",
                "sha256:8e3dcf21f367459434c18e71b2a9532d96547aef8a871872a5bd69a715c15f96",
                "sha256:8e576a51ad59e4bfaac456023a78f6b5e6e7651dcd383bcc3e18d06f9b55d6d1",
                "sha256:96e37a3dc86e80bf81758c152fe66dbf60ed5eca3d26305edf01892257049925",
                "sha256:97a68e6ada378df82bc9f16b800ab77cbf4b2fada0081794318520138c088e4a",
                "sha256:99a2a507ed3ac881b975a2976d59f38c19386d128e7a9a18b7df6fff1fd4c1d6",
                "sha256:a49907dd8420c5685cfa064a1335b6754b74541bbb3706c259c02ed65b644b3e",
                "sha256:b09bf97215625a311f669476f44b8b318b075847b49316d3e28c08e41a7a573f",
                "sha256:b7bd98b796e2b6553da7225aeb61f447f80a1ca64f41d83612e6139ca5213aa4",
                "sha256:b87db4360013327109564f0e591bd2a3b318547bcef31b468a92ee504d07ae4f",
                "sha256:bcb3ed405ed3222f9904899563d6fc492ff75cce56cba05e32eff40e6acbeaa3",
                "sha256:d4306c36ca495956b6d568d276ac11fdd9c30a36f1b6eb928070dc5360b22e1c",
                "sha256:d5ee4f386140395a2c818d149221149c54849dfcfcb9f1debfe07a8b8bd63f9a",
                "sha256:dda30ba7e87fbbb7eab1ec9f58678558fd9a6b8b853530e176eabd064da81417",
                "sha256:e04e26803c9c3851c931eac40c695602c6295b8d432cbe78609649ad9bd2da8a",
                "sha256:e1c0b87e09fa55a220f058d1d49d3fb8df88fbfab58558f1198e08c1e1de842a",
                "sha256:e72591e9ecd94d7feb70c1cbd7be7b3ebea3f548870aa91e2732960fa4d57a37",
                "sha256:e8c843bbcda3a2f1e3c2ab25913c80a3c5376cd00c6e8c4a86a89a28c8dc5452",
                "sha256:efc1913fd2ca4f334418481c7e595c00aad186563bbc1ec76067848c7ca0a933",
                "sha256:f121a1420d4e173a5d96e47e9a0c0dcff965afdf1626d28de1460815f7c4ee7a",
                "sha256:fc7b548b17d238737688817ab67deebb30e8073c95749d55538ed473130ec0c7"
            ],
            "index": "pypi",
            "version": "==2.1.1"
        },
        "packaging": {
            "hashes": [
                "sha256:dd47c42927d89ab911e606518907cc2d3a1f38bbd026385970643f9c5b8ecfeb",
                "sha256:ef103e05f519cdc783ae24ea4e2e0f508a9c99b2d4969652eed6a2e1ea5bd522"
            ],
            "markers": "python_version >= '3.6'",
            "version": "==21.3"
        },
        "platformdirs": {
            "hashes": [
                "sha256:027d8e83a2d7de06bbac4e5ef7e023c02b863d7ea5d079477e722bb41ab25788",
                "sha256:58c8abb07dcb441e6ee4b11d8df0ac856038f944ab98b7be6b27b2a3c7feef19"
            ],
            "index": "pypi",
            "version": "==2.5.2"
        },
        "pluggy": {
            "hashes": [
                "sha256:4224373bacce55f955a878bf9cfa763c1e360858e330072059e10bad68531159",
                "sha256:74134bbf457f031a36d68416e1509f34bd5ccc019f0bcc952c7b909d06b37bd3"
            ],
            "index": "pypi",
            "version": "==1.0.0"
        },
        "py": {
            "hashes": [
                "sha256:51c75c4126074b472f746a24399ad32f6053d1b34b68d2fa41e558e6f4a98719",
                "sha256:607c53218732647dff4acdfcd50cb62615cedf612e72d1724fb1a0cc6405b378"
            ],
            "index": "pypi",
            "version": "==1.11.0"
        },
        "pyparsing": {
            "hashes": [
                "sha256:2b020ecf7d21b687f219b71ecad3631f644a47f01403fa1d1036b0c6416d70fb",
                "sha256:5026bae9a10eeaefb61dab2f09052b9f4307d44aee4eda64b309723d8d206bbc"
            ],
            "index": "pypi",
            "version": "==3.0.9"
        },
        "pytest": {
            "hashes": [
                "sha256:13d0e3ccfc2b6e26be000cb6568c832ba67ba32e719443bfe725814d3c42433c",
                "sha256:a06a0425453864a270bc45e71f783330a7428defb4230fb5e6a731fde06ecd45"
            ],
            "index": "pypi",
            "version": "==7.1.2"
        },
        "python-dotenv": {
            "hashes": [
                "sha256:b7e3b04a59693c42c36f9ab1cc2acc46fa5df8c78e178fc33a8d4cd05c8d498f",
                "sha256:d92a187be61fe482e4fd675b6d52200e7be63a12b724abbf931a40ce4fa92938"
            ],
            "index": "pypi",
            "version": "==0.20.0"
        },
        "six": {
            "hashes": [
                "sha256:1e61c37477a1626458e36f7b1d82aa5c9b094fa4802892072e49de9c60c4c926",
                "sha256:8abb2f1d86890a2dfb989f9a77cfcfd3e47c2a354b01111771326f8aa26e0254"
            ],
            "index": "pypi",
            "version": "==1.16.0"
        },
        "tomli": {
            "hashes": [
                "sha256:939de3e7a6161af0c887ef91b7d41a53e7c5a1ca976325f429cb46ea9bc30ecc",
                "sha256:de526c12914f0c550d15924c62d72abc48d6fe7364aa87328337a31007fe8a4f"
            ],
            "index": "pypi",
            "version": "==2.0.1"
        },
        "virtualenv": {
            "hashes": [
                "sha256:e617f16e25b42eb4f6e74096b9c9e37713cf10bf30168fb4a739f3fa8f898a3a",
                "sha256:ef589a79795589aada0c1c5b319486797c03b67ac3984c48c669c0e4f50df3a5"
            ],
            "index": "pypi",
            "version": "==20.14.1"
        },
        "virtualenv-clone": {
            "hashes": [
                "sha256:418ee935c36152f8f153c79824bb93eaf6f0f7984bae31d3f48f350b9183501a",
                "sha256:44d5263bceed0bac3e1424d64f798095233b64def1c5689afa43dc3223caf5b0"
            ],
            "index": "pypi",
            "version": "==0.5.7"
        },
        "werkzeug": {
            "hashes": [
                "sha256:1ce08e8093ed67d638d63879fd1ba3735817f7a80de3674d293f5984f25fb6e6",
                "sha256:72a4b735692dd3135217911cbeaa1be5fa3f62bffb8745c5215420a03dc55255"
            ],
            "index": "pypi",
            "version": "==2.1.2"
        },
        "zipp": {
            "hashes": [
                "sha256:56bf8aadb83c24db6c4b577e13de374ccfb67da2078beba1d037c17980bf43ad",
                "sha256:c4f6e5bbf48e74f7a38e7cc5b0480ff42b0ae5178957d564d18932525d5cf099"
            ],
            "index": "pypi",
            "version": "==3.8.0"
        }
    },
    "develop": {}
}
